
Microsoft Visual Studio Solution File, Format Version 12.00
# Visual Studio Version 17
VisualStudioVersion = 17.3.32922.545
MinimumVisualStudioVersion = 10.0.40219.1
Project("{FAE04EC0-301F-11D3-BF4B-00C04F79EFBC}") = "BusServiseAutomation", "BusServiseAutomation\BusServiseAutomation.csproj", "{C12E3B6A-624B-4FA1-A43A-2D67B5822685}"
EndProject
Project("{FAE04EC0-301F-11D3-BF4B-00C04F79EFBC}") = "Entity", "Entity\Entity.csproj", "{E8EEFBBB-EB29-4BD3-A720-6AD94E4FFC15}"
EndProject
Project("{FAE04EC0-301F-11D3-BF4B-00C04F79EFBC}") = "Facade", "Facade\Facade.csproj", "{29FADA8B-A91A-482F-B7F0-67B04C3ECBE2}"
EndProject
Global
	GlobalSection(SolutionConfigurationPlatforms) = preSolution
		Debug|Any CPU = Debug|Any CPU
		Release|Any CPU = Release|Any CPU
	EndGlobalSection
	GlobalSection(ProjectConfigurationPlatforms) = postSolution
		{C12E3B6A-624B-4FA1-A43A-2D67B5822685}.Debug|Any CPU.ActiveCfg = Debug|Any CPU
		{C12E3B6A-624B-4FA1-A43A-2D67B5822685}.Debug|Any CPU.Build.0 = Debug|Any CPU
		{C12E3B6A-624B-4FA1-A43A-2D67B5822685}.Release|Any CPU.ActiveCfg = Release|Any CPU
		{C12E3B6A-624B-4FA1-A43A-2D67B5822685}.Release|Any CPU.Build.0 = Release|Any CPU
		{E8EEFBBB-EB29-4BD3-A720-6AD94E4FFC15}.Debug|Any CPU.ActiveCfg = Debug|Any CPU
		{E8EEFBBB-EB29-4BD3-A720-6AD94E4FFC15}.Debug|Any CPU.Build.0 = Debug|Any CPU
		{E8EEFBBB-EB29-4BD3-A720-6AD94E4FFC15}.Release|Any CPU.ActiveCfg = Release|Any CPU
		{E8EEFBBB-EB29-4BD3-A720-6AD94E4FFC15}.Release|Any CPU.Build.0 = Release|Any CPU
		{29FADA8B-A91A-482F-B7F0-67B04C3ECBE2}.Debug|Any CPU.ActiveCfg = Debug|Any CPU
		{29FADA8B-A91A-482F-B7F0-67B04C3ECBE2}.Debug|Any CPU.Build.0 = Debug|Any CPU
		{29FADA8B-A91A-482F-B7F0-67B04C3ECBE2}.Release|Any CPU.ActiveCfg = Release|Any CPU
		{29FADA8B-A91A-482F-B7F0-67B04C3ECBE2}.Release|Any CPU.Build.0 = Release|Any CPU
	EndGlobalSection
	GlobalSection(SolutionProperties) = preSolution
		HideSolutionNode = FALSE
	EndGlobalSection
	GlobalSection(ExtensibilityGlobals) = postSolution
		SolutionGuid = {CD41972A-3148-4B12-9460-018563B05FC4}
	EndGlobalSection
EndGlobal
